// !$*UTF8*$!
{
	archiveVersion = 1;
	classes = {
	};
	objectVersion = 48;
	objects = {

/* Begin PBXBuildFile section */
		916C7047201D7458007301CD /* KakaoOpenSDK.framework in Frameworks */ = {isa = PBXBuildFile; fileRef = 916C7046201D7458007301CD /* KakaoOpenSDK.framework */; };
		916C7049201D778C007301CD /* LoginViewController.swift in Sources */ = {isa = PBXBuildFile; fileRef = 916C7048201D778C007301CD /* LoginViewController.swift */; };
		91A2ED2D2014611800BBC119 /* LoginViewModel.swift in Sources */ = {isa = PBXBuildFile; fileRef = 91A2ED2C2014611800BBC119 /* LoginViewModel.swift */; };
		91AC877420426D6A00873BF1 /* AuthManager.swift in Sources */ = {isa = PBXBuildFile; fileRef = 91AC877320426D6A00873BF1 /* AuthManager.swift */; };
		91AC877620426D8E00873BF1 /* SomeResponse.swift in Sources */ = {isa = PBXBuildFile; fileRef = 91AC877520426D8E00873BF1 /* SomeResponse.swift */; };
		91C2AFC3200B21D800430DEA /* AppDelegate.swift in Sources */ = {isa = PBXBuildFile; fileRef = 91C2AFC2200B21D800430DEA /* AppDelegate.swift */; };
		91C2AFC5200B21D800430DEA /* ViewController.swift in Sources */ = {isa = PBXBuildFile; fileRef = 91C2AFC4200B21D800430DEA /* ViewController.swift */; };
		91C2AFC8200B21D800430DEA /* Main.storyboard in Resources */ = {isa = PBXBuildFile; fileRef = 91C2AFC6200B21D800430DEA /* Main.storyboard */; };
		91C2AFCA200B21D800430DEA /* Assets.xcassets in Resources */ = {isa = PBXBuildFile; fileRef = 91C2AFC9200B21D800430DEA /* Assets.xcassets */; };
		91C2AFCD200B21D800430DEA /* LaunchScreen.storyboard in Resources */ = {isa = PBXBuildFile; fileRef = 91C2AFCB200B21D800430DEA /* LaunchScreen.storyboard */; };
		91C2AFD8200B21D800430DEA /* Stellar_iOSTests.swift in Sources */ = {isa = PBXBuildFile; fileRef = 91C2AFD7200B21D800430DEA /* Stellar_iOSTests.swift */; };
		91C2AFE3200B21D900430DEA /* Stellar_iOSUITests.swift in Sources */ = {isa = PBXBuildFile; fileRef = 91C2AFE2200B21D900430DEA /* Stellar_iOSUITests.swift */; };
		B1C881FE12CD1A92863B025D /* Pods_Stellar_iOS.framework in Frameworks */ = {isa = PBXBuildFile; fileRef = 94D6BA3395781BAE37CD022F /* Pods_Stellar_iOS.framework */; };
		E115825B9EF3195809877B6E /* Pods_Stellar_iOSUITests.framework in Frameworks */ = {isa = PBXBuildFile; fileRef = B9765A754C48242386EA981B /* Pods_Stellar_iOSUITests.framework */; };
		E5614ED9A14DCDB016A3701D /* Pods_Stellar_iOSTests.framework in Frameworks */ = {isa = PBXBuildFile; fileRef = 2A8A0A3C8AEBCDD6E9D2412B /* Pods_Stellar_iOSTests.framework */; };
/* End PBXBuildFile section */

/* Begin PBXContainerItemProxy section */
		91C2AFD4200B21D800430DEA /* PBXContainerItemProxy */ = {
			isa = PBXContainerItemProxy;
			containerPortal = 91C2AFB7200B21D800430DEA /* Project object */;
			proxyType = 1;
			remoteGlobalIDString = 91C2AFBE200B21D800430DEA;
			remoteInfo = Stellar_iOS;
		};
		91C2AFDF200B21D900430DEA /* PBXContainerItemProxy */ = {
			isa = PBXContainerItemProxy;
			containerPortal = 91C2AFB7200B21D800430DEA /* Project object */;
			proxyType = 1;
			remoteGlobalIDString = 91C2AFBE200B21D800430DEA;
			remoteInfo = Stellar_iOS;
		};
/* End PBXContainerItemProxy section */

/* Begin PBXFileReference section */
		2A8A0A3C8AEBCDD6E9D2412B /* Pods_Stellar_iOSTests.framework */ = {isa = PBXFileReference; explicitFileType = wrapper.framework; includeInIndex = 0; path = Pods_Stellar_iOSTests.framework; sourceTree = BUILT_PRODUCTS_DIR; };
		585ACC2694123B4DFFE719C0 /* Pods-Stellar_iOS.debug.xcconfig */ = {isa = PBXFileReference; includeInIndex = 1; lastKnownFileType = text.xcconfig; name = "Pods-Stellar_iOS.debug.xcconfig"; path = "Pods/Target Support Files/Pods-Stellar_iOS/Pods-Stellar_iOS.debug.xcconfig"; sourceTree = "<group>"; };
		5B57DACF9D1A788539E2C35D /* Pods-Stellar_iOSUITests.debug.xcconfig */ = {isa = PBXFileReference; includeInIndex = 1; lastKnownFileType = text.xcconfig; name = "Pods-Stellar_iOSUITests.debug.xcconfig"; path = "Pods/Target Support Files/Pods-Stellar_iOSUITests/Pods-Stellar_iOSUITests.debug.xcconfig"; sourceTree = "<group>"; };
		5D210BE01C95F0819FB6F1F5 /* Pods-Stellar_iOSUITests.release.xcconfig */ = {isa = PBXFileReference; includeInIndex = 1; lastKnownFileType = text.xcconfig; name = "Pods-Stellar_iOSUITests.release.xcconfig"; path = "Pods/Target Support Files/Pods-Stellar_iOSUITests/Pods-Stellar_iOSUITests.release.xcconfig"; sourceTree = "<group>"; };
		8273D970DB4C73E6308E14B3 /* Pods-Stellar_iOS.release.xcconfig */ = {isa = PBXFileReference; includeInIndex = 1; lastKnownFileType = text.xcconfig; name = "Pods-Stellar_iOS.release.xcconfig"; path = "Pods/Target Support Files/Pods-Stellar_iOS/Pods-Stellar_iOS.release.xcconfig"; sourceTree = "<group>"; };
		916C7046201D7458007301CD /* KakaoOpenSDK.framework */ = {isa = PBXFileReference; lastKnownFileType = wrapper.framework; path = KakaoOpenSDK.framework; sourceTree = "<group>"; };
		916C7048201D778C007301CD /* LoginViewController.swift */ = {isa = PBXFileReference; lastKnownFileType = sourcecode.swift; path = LoginViewController.swift; sourceTree = "<group>"; };
		916C704B201D7BE9007301CD /* Stellar_iOS-Bridging-Header.h */ = {isa = PBXFileReference; lastKnownFileType = sourcecode.c.h; path = "Stellar_iOS-Bridging-Header.h"; sourceTree = "<group>"; };
		91A2ED2C2014611800BBC119 /* LoginViewModel.swift */ = {isa = PBXFileReference; lastKnownFileType = sourcecode.swift; path = LoginViewModel.swift; sourceTree = "<group>"; };
		91AC877320426D6A00873BF1 /* AuthManager.swift */ = {isa = PBXFileReference; lastKnownFileType = sourcecode.swift; path = AuthManager.swift; sourceTree = "<group>"; };
		91AC877520426D8E00873BF1 /* SomeResponse.swift */ = {isa = PBXFileReference; fileEncoding = 4; lastKnownFileType = sourcecode.swift; path = SomeResponse.swift; sourceTree = "<group>"; };
		91C2AFBF200B21D800430DEA /* Stellar_iOS.app */ = {isa = PBXFileReference; explicitFileType = wrapper.application; includeInIndex = 0; path = Stellar_iOS.app; sourceTree = BUILT_PRODUCTS_DIR; };
		91C2AFC2200B21D800430DEA /* AppDelegate.swift */ = {isa = PBXFileReference; lastKnownFileType = sourcecode.swift; path = AppDelegate.swift; sourceTree = "<group>"; };
		91C2AFC4200B21D800430DEA /* ViewController.swift */ = {isa = PBXFileReference; lastKnownFileType = sourcecode.swift; path = ViewController.swift; sourceTree = "<group>"; };
		91C2AFC7200B21D800430DEA /* Base */ = {isa = PBXFileReference; lastKnownFileType = file.storyboard; name = Base; path = Base.lproj/Main.storyboard; sourceTree = "<group>"; };
		91C2AFC9200B21D800430DEA /* Assets.xcassets */ = {isa = PBXFileReference; lastKnownFileType = folder.assetcatalog; path = Assets.xcassets; sourceTree = "<group>"; };
		91C2AFCC200B21D800430DEA /* Base */ = {isa = PBXFileReference; lastKnownFileType = file.storyboard; name = Base; path = Base.lproj/LaunchScreen.storyboard; sourceTree = "<group>"; };
		91C2AFCE200B21D800430DEA /* Info.plist */ = {isa = PBXFileReference; lastKnownFileType = text.plist.xml; path = Info.plist; sourceTree = "<group>"; };
		91C2AFD3200B21D800430DEA /* Stellar_iOSTests.xctest */ = {isa = PBXFileReference; explicitFileType = wrapper.cfbundle; includeInIndex = 0; path = Stellar_iOSTests.xctest; sourceTree = BUILT_PRODUCTS_DIR; };
		91C2AFD7200B21D800430DEA /* Stellar_iOSTests.swift */ = {isa = PBXFileReference; lastKnownFileType = sourcecode.swift; path = Stellar_iOSTests.swift; sourceTree = "<group>"; };
		91C2AFD9200B21D900430DEA /* Info.plist */ = {isa = PBXFileReference; lastKnownFileType = text.plist.xml; path = Info.plist; sourceTree = "<group>"; };
		91C2AFDE200B21D900430DEA /* Stellar_iOSUITests.xctest */ = {isa = PBXFileReference; explicitFileType = wrapper.cfbundle; includeInIndex = 0; path = Stellar_iOSUITests.xctest; sourceTree = BUILT_PRODUCTS_DIR; };
		91C2AFE2200B21D900430DEA /* Stellar_iOSUITests.swift */ = {isa = PBXFileReference; lastKnownFileType = sourcecode.swift; path = Stellar_iOSUITests.swift; sourceTree = "<group>"; };
		91C2AFE4200B21D900430DEA /* Info.plist */ = {isa = PBXFileReference; lastKnownFileType = text.plist.xml; path = Info.plist; sourceTree = "<group>"; };
		92C608F61DDEE97A19D593CE /* Pods-Stellar_iOSTests.debug.xcconfig */ = {isa = PBXFileReference; includeInIndex = 1; lastKnownFileType = text.xcconfig; name = "Pods-Stellar_iOSTests.debug.xcconfig"; path = "Pods/Target Support Files/Pods-Stellar_iOSTests/Pods-Stellar_iOSTests.debug.xcconfig"; sourceTree = "<group>"; };
		94D6BA3395781BAE37CD022F /* Pods_Stellar_iOS.framework */ = {isa = PBXFileReference; explicitFileType = wrapper.framework; includeInIndex = 0; path = Pods_Stellar_iOS.framework; sourceTree = BUILT_PRODUCTS_DIR; };
		9549F31B150DD44B60928BE7 /* Pods-Stellar_iOSTests.release.xcconfig */ = {isa = PBXFileReference; includeInIndex = 1; lastKnownFileType = text.xcconfig; name = "Pods-Stellar_iOSTests.release.xcconfig"; path = "Pods/Target Support Files/Pods-Stellar_iOSTests/Pods-Stellar_iOSTests.release.xcconfig"; sourceTree = "<group>"; };
		B9765A754C48242386EA981B /* Pods_Stellar_iOSUITests.framework */ = {isa = PBXFileReference; explicitFileType = wrapper.framework; includeInIndex = 0; path = Pods_Stellar_iOSUITests.framework; sourceTree = BUILT_PRODUCTS_DIR; };
/* End PBXFileReference section */

/* Begin PBXFrameworksBuildPhase section */
		91C2AFBC200B21D800430DEA /* Frameworks */ = {
			isa = PBXFrameworksBuildPhase;
			buildActionMask = 2147483647;
			files = (
				B1C881FE12CD1A92863B025D /* Pods_Stellar_iOS.framework in Frameworks */,
				916C7047201D7458007301CD /* KakaoOpenSDK.framework in Frameworks */,
			);
			runOnlyForDeploymentPostprocessing = 0;
		};
		91C2AFD0200B21D800430DEA /* Frameworks */ = {
			isa = PBXFrameworksBuildPhase;
			buildActionMask = 2147483647;
			files = (
				E5614ED9A14DCDB016A3701D /* Pods_Stellar_iOSTests.framework in Frameworks */,
			);
			runOnlyForDeploymentPostprocessing = 0;
		};
		91C2AFDB200B21D900430DEA /* Frameworks */ = {
			isa = PBXFrameworksBuildPhase;
			buildActionMask = 2147483647;
			files = (
				E115825B9EF3195809877B6E /* Pods_Stellar_iOSUITests.framework in Frameworks */,
			);
			runOnlyForDeploymentPostprocessing = 0;
		};
/* End PBXFrameworksBuildPhase section */

/* Begin PBXGroup section */
		45EAF4F3C5EB9141B81E1A17 /* Pods */ = {
			isa = PBXGroup;
			children = (
				585ACC2694123B4DFFE719C0 /* Pods-Stellar_iOS.debug.xcconfig */,
				8273D970DB4C73E6308E14B3 /* Pods-Stellar_iOS.release.xcconfig */,
				92C608F61DDEE97A19D593CE /* Pods-Stellar_iOSTests.debug.xcconfig */,
				9549F31B150DD44B60928BE7 /* Pods-Stellar_iOSTests.release.xcconfig */,
				5B57DACF9D1A788539E2C35D /* Pods-Stellar_iOSUITests.debug.xcconfig */,
				5D210BE01C95F0819FB6F1F5 /* Pods-Stellar_iOSUITests.release.xcconfig */,
			);
			name = Pods;
			sourceTree = "<group>";
		};
		801DD2DFD373FF7DAD9D041B /* Frameworks */ = {
			isa = PBXGroup;
			children = (
				916C7046201D7458007301CD /* KakaoOpenSDK.framework */,
				94D6BA3395781BAE37CD022F /* Pods_Stellar_iOS.framework */,
				2A8A0A3C8AEBCDD6E9D2412B /* Pods_Stellar_iOSTests.framework */,
				B9765A754C48242386EA981B /* Pods_Stellar_iOSUITests.framework */,
			);
			name = Frameworks;
			sourceTree = "<group>";
		};
		91A2ED262014608D00BBC119 /* Model */ = {
			isa = PBXGroup;
			children = (
				91A2ED2E2014614F00BBC119 /* Response */,
			);
			path = Model;
			sourceTree = "<group>";
		};
		91A2ED27201460AB00BBC119 /* View */ = {
			isa = PBXGroup;
			children = (
				91C2AFC6200B21D800430DEA /* Main.storyboard */,
			);
			path = View;
			sourceTree = "<group>";
		};
		91A2ED28201460B800BBC119 /* ViewModel */ = {
			isa = PBXGroup;
			children = (
				91A2ED2C2014611800BBC119 /* LoginViewModel.swift */,
			);
			path = ViewModel;
			sourceTree = "<group>";
		};
		91A2ED29201460C100BBC119 /* Manager */ = {
			isa = PBXGroup;
			children = (
				91AC877320426D6A00873BF1 /* AuthManager.swift */,
			);
			path = Manager;
			sourceTree = "<group>";
		};
		91A2ED2A201460C500BBC119 /* Helper */ = {
			isa = PBXGroup;
			children = (
				916C704B201D7BE9007301CD /* Stellar_iOS-Bridging-Header.h */,
			);
			path = Helper;
			sourceTree = "<group>";
		};
		91A2ED2B201460DC00BBC119 /* ViewController */ = {
			isa = PBXGroup;
			children = (
				91C2AFC4200B21D800430DEA /* ViewController.swift */,
				916C7048201D778C007301CD /* LoginViewController.swift */,
			);
			path = ViewController;
			sourceTree = "<group>";
		};
		91A2ED2E2014614F00BBC119 /* Response */ = {
			isa = PBXGroup;
			children = (
				91AC877520426D8E00873BF1 /* SomeResponse.swift */,
			);
			path = Response;
			sourceTree = "<group>";
		};
		91C2AFB6200B21D800430DEA = {
			isa = PBXGroup;
			children = (
				91C2AFC1200B21D800430DEA /* Stellar_iOS */,
				91C2AFD6200B21D800430DEA /* Stellar_iOSTests */,
				91C2AFE1200B21D900430DEA /* Stellar_iOSUITests */,
				91C2AFC0200B21D800430DEA /* Products */,
				45EAF4F3C5EB9141B81E1A17 /* Pods */,
				801DD2DFD373FF7DAD9D041B /* Frameworks */,
			);
			sourceTree = "<group>";
		};
		91C2AFC0200B21D800430DEA /* Products */ = {
			isa = PBXGroup;
			children = (
				91C2AFBF200B21D800430DEA /* Stellar_iOS.app */,
				91C2AFD3200B21D800430DEA /* Stellar_iOSTests.xctest */,
				91C2AFDE200B21D900430DEA /* Stellar_iOSUITests.xctest */,
			);
			name = Products;
			sourceTree = "<group>";
		};
		91C2AFC1200B21D800430DEA /* Stellar_iOS */ = {
			isa = PBXGroup;
			children = (
				91A2ED2A201460C500BBC119 /* Helper */,
				91A2ED29201460C100BBC119 /* Manager */,
				91A2ED262014608D00BBC119 /* Model */,
				91A2ED28201460B800BBC119 /* ViewModel */,
				91A2ED27201460AB00BBC119 /* View */,
				91A2ED2B201460DC00BBC119 /* ViewController */,
				91C2AFC2200B21D800430DEA /* AppDelegate.swift */,
				91C2AFC9200B21D800430DEA /* Assets.xcassets */,
				91C2AFCB200B21D800430DEA /* LaunchScreen.storyboard */,
				91C2AFCE200B21D800430DEA /* Info.plist */,
			);
			path = Stellar_iOS;
			sourceTree = "<group>";
		};
		91C2AFD6200B21D800430DEA /* Stellar_iOSTests */ = {
			isa = PBXGroup;
			children = (
				91C2AFD7200B21D800430DEA /* Stellar_iOSTests.swift */,
				91C2AFD9200B21D900430DEA /* Info.plist */,
			);
			path = Stellar_iOSTests;
			sourceTree = "<group>";
		};
		91C2AFE1200B21D900430DEA /* Stellar_iOSUITests */ = {
			isa = PBXGroup;
			children = (
				91C2AFE2200B21D900430DEA /* Stellar_iOSUITests.swift */,
				91C2AFE4200B21D900430DEA /* Info.plist */,
			);
			path = Stellar_iOSUITests;
			sourceTree = "<group>";
		};
/* End PBXGroup section */

/* Begin PBXNativeTarget section */
		91C2AFBE200B21D800430DEA /* Stellar_iOS */ = {
			isa = PBXNativeTarget;
			buildConfigurationList = 91C2AFE7200B21D900430DEA /* Build configuration list for PBXNativeTarget "Stellar_iOS" */;
			buildPhases = (
				073B669C9F0018D944AAD91C /* [CP] Check Pods Manifest.lock */,
				91C2AFBB200B21D800430DEA /* Sources */,
				91C2AFBC200B21D800430DEA /* Frameworks */,
				91C2AFBD200B21D800430DEA /* Resources */,
				AA088326C40F0D0C9B510274 /* [CP] Embed Pods Frameworks */,
				DE49A296CC62E5F44BC341EA /* [CP] Copy Pods Resources */,
			);
			buildRules = (
			);
			dependencies = (
			);
			name = Stellar_iOS;
			productName = Stellar_iOS;
			productReference = 91C2AFBF200B21D800430DEA /* Stellar_iOS.app */;
			productType = "com.apple.product-type.application";
		};
		91C2AFD2200B21D800430DEA /* Stellar_iOSTests */ = {
			isa = PBXNativeTarget;
			buildConfigurationList = 91C2AFEA200B21D900430DEA /* Build configuration list for PBXNativeTarget "Stellar_iOSTests" */;
			buildPhases = (
				F614D3A49FA40DD612690841 /* [CP] Check Pods Manifest.lock */,
				91C2AFCF200B21D800430DEA /* Sources */,
				91C2AFD0200B21D800430DEA /* Frameworks */,
				91C2AFD1200B21D800430DEA /* Resources */,
				6E1592DC86FAF757207E6A52 /* [CP] Embed Pods Frameworks */,
				228CBC692FB89CF1734C19C0 /* [CP] Copy Pods Resources */,
			);
			buildRules = (
			);
			dependencies = (
				91C2AFD5200B21D800430DEA /* PBXTargetDependency */,
			);
			name = Stellar_iOSTests;
			productName = Stellar_iOSTests;
			productReference = 91C2AFD3200B21D800430DEA /* Stellar_iOSTests.xctest */;
			productType = "com.apple.product-type.bundle.unit-test";
		};
		91C2AFDD200B21D900430DEA /* Stellar_iOSUITests */ = {
			isa = PBXNativeTarget;
			buildConfigurationList = 91C2AFED200B21D900430DEA /* Build configuration list for PBXNativeTarget "Stellar_iOSUITests" */;
			buildPhases = (
				CC0F9CC46ADAEE94CA0BF624 /* [CP] Check Pods Manifest.lock */,
				91C2AFDA200B21D900430DEA /* Sources */,
				91C2AFDB200B21D900430DEA /* Frameworks */,
				91C2AFDC200B21D900430DEA /* Resources */,
				5A1DA74564C0ABE80B74442C /* [CP] Embed Pods Frameworks */,
				E02D0C6250A085DC91331F0A /* [CP] Copy Pods Resources */,
			);
			buildRules = (
			);
			dependencies = (
				91C2AFE0200B21D900430DEA /* PBXTargetDependency */,
			);
			name = Stellar_iOSUITests;
			productName = Stellar_iOSUITests;
			productReference = 91C2AFDE200B21D900430DEA /* Stellar_iOSUITests.xctest */;
			productType = "com.apple.product-type.bundle.ui-testing";
		};
/* End PBXNativeTarget section */

/* Begin PBXProject section */
		91C2AFB7200B21D800430DEA /* Project object */ = {
			isa = PBXProject;
			attributes = {
				LastSwiftUpdateCheck = 0920;
				LastUpgradeCheck = 0920;
				ORGANIZATIONNAME = AnotherCompany;
				TargetAttributes = {
					91C2AFBE200B21D800430DEA = {
						CreatedOnToolsVersion = 9.2;
						LastSwiftMigration = 0920;
						ProvisioningStyle = Automatic;
					};
					91C2AFD2200B21D800430DEA = {
						CreatedOnToolsVersion = 9.2;
						ProvisioningStyle = Automatic;
						TestTargetID = 91C2AFBE200B21D800430DEA;
					};
					91C2AFDD200B21D900430DEA = {
						CreatedOnToolsVersion = 9.2;
						ProvisioningStyle = Automatic;
						TestTargetID = 91C2AFBE200B21D800430DEA;
					};
				};
			};
			buildConfigurationList = 91C2AFBA200B21D800430DEA /* Build configuration list for PBXProject "Stellar_iOS" */;
			compatibilityVersion = "Xcode 8.0";
			developmentRegion = en;
			hasScannedForEncodings = 0;
			knownRegions = (
				en,
				Base,
			);
			mainGroup = 91C2AFB6200B21D800430DEA;
			productRefGroup = 91C2AFC0200B21D800430DEA /* Products */;
			projectDirPath = "";
			projectRoot = "";
			targets = (
				91C2AFBE200B21D800430DEA /* Stellar_iOS */,
				91C2AFD2200B21D800430DEA /* Stellar_iOSTests */,
				91C2AFDD200B21D900430DEA /* Stellar_iOSUITests */,
			);
		};
/* End PBXProject section */

/* Begin PBXResourcesBuildPhase section */
		91C2AFBD200B21D800430DEA /* Resources */ = {
			isa = PBXResourcesBuildPhase;
			buildActionMask = 2147483647;
			files = (
				91C2AFCD200B21D800430DEA /* LaunchScreen.storyboard in Resources */,
				91C2AFCA200B21D800430DEA /* Assets.xcassets in Resources */,
				91C2AFC8200B21D800430DEA /* Main.storyboard in Resources */,
			);
			runOnlyForDeploymentPostprocessing = 0;
		};
		91C2AFD1200B21D800430DEA /* Resources */ = {
			isa = PBXResourcesBuildPhase;
			buildActionMask = 2147483647;
			files = (
			);
			runOnlyForDeploymentPostprocessing = 0;
		};
		91C2AFDC200B21D900430DEA /* Resources */ = {
			isa = PBXResourcesBuildPhase;
			buildActionMask = 2147483647;
			files = (
			);
			runOnlyForDeploymentPostprocessing = 0;
		};
/* End PBXResourcesBuildPhase section */

/* Begin PBXShellScriptBuildPhase section */
		073B669C9F0018D944AAD91C /* [CP] Check Pods Manifest.lock */ = {
			isa = PBXShellScriptBuildPhase;
			buildActionMask = 2147483647;
			files = (
			);
			inputPaths = (
			);
			name = "[CP] Check Pods Manifest.lock";
			outputPaths = (
			);
			runOnlyForDeploymentPostprocessing = 0;
			shellPath = /bin/sh;
			shellScript = "diff \"${PODS_PODFILE_DIR_PATH}/Podfile.lock\" \"${PODS_ROOT}/Manifest.lock\" > /dev/null\nif [ $? != 0 ] ; then\n    # print error to STDERR\n    echo \"error: The sandbox is not in sync with the Podfile.lock. Run 'pod install' or update your CocoaPods installation.\" >&2\n    exit 1\nfi\n";
			showEnvVarsInLog = 0;
		};
		228CBC692FB89CF1734C19C0 /* [CP] Copy Pods Resources */ = {
			isa = PBXShellScriptBuildPhase;
			buildActionMask = 2147483647;
			files = (
			);
			inputPaths = (
			);
			name = "[CP] Copy Pods Resources";
			outputPaths = (
			);
			runOnlyForDeploymentPostprocessing = 0;
			shellPath = /bin/sh;
			shellScript = "\"${SRCROOT}/Pods/Target Support Files/Pods-Stellar_iOSTests/Pods-Stellar_iOSTests-resources.sh\"\n";
			showEnvVarsInLog = 0;
		};
		5A1DA74564C0ABE80B74442C /* [CP] Embed Pods Frameworks */ = {
			isa = PBXShellScriptBuildPhase;
			buildActionMask = 2147483647;
			files = (
			);
			inputPaths = (
			);
			name = "[CP] Embed Pods Frameworks";
			outputPaths = (
			);
			runOnlyForDeploymentPostprocessing = 0;
			shellPath = /bin/sh;
			shellScript = "\"${SRCROOT}/Pods/Target Support Files/Pods-Stellar_iOSUITests/Pods-Stellar_iOSUITests-frameworks.sh\"\n";
			showEnvVarsInLog = 0;
		};
		6E1592DC86FAF757207E6A52 /* [CP] Embed Pods Frameworks */ = {
			isa = PBXShellScriptBuildPhase;
			buildActionMask = 2147483647;
			files = (
			);
			inputPaths = (
			);
			name = "[CP] Embed Pods Frameworks";
			outputPaths = (
			);
			runOnlyForDeploymentPostprocessing = 0;
			shellPath = /bin/sh;
			shellScript = "\"${SRCROOT}/Pods/Target Support Files/Pods-Stellar_iOSTests/Pods-Stellar_iOSTests-frameworks.sh\"\n";
			showEnvVarsInLog = 0;
		};
		AA088326C40F0D0C9B510274 /* [CP] Embed Pods Frameworks */ = {
			isa = PBXShellScriptBuildPhase;
			buildActionMask = 2147483647;
			files = (
			);
			inputPaths = (
			);
			name = "[CP] Embed Pods Frameworks";
			outputPaths = (
			);
			runOnlyForDeploymentPostprocessing = 0;
			shellPath = /bin/sh;
			shellScript = "\"${SRCROOT}/Pods/Target Support Files/Pods-Stellar_iOS/Pods-Stellar_iOS-frameworks.sh\"\n";
			showEnvVarsInLog = 0;
		};
		CC0F9CC46ADAEE94CA0BF624 /* [CP] Check Pods Manifest.lock */ = {
			isa = PBXShellScriptBuildPhase;
			buildActionMask = 2147483647;
			files = (
			);
			inputPaths = (
			);
			name = "[CP] Check Pods Manifest.lock";
			outputPaths = (
			);
			runOnlyForDeploymentPostprocessing = 0;
			shellPath = /bin/sh;
			shellScript = "diff \"${PODS_PODFILE_DIR_PATH}/Podfile.lock\" \"${PODS_ROOT}/Manifest.lock\" > /dev/null\nif [ $? != 0 ] ; then\n    # print error to STDERR\n    echo \"error: The sandbox is not in sync with the Podfile.lock. Run 'pod install' or update your CocoaPods installation.\" >&2\n    exit 1\nfi\n";
			showEnvVarsInLog = 0;
		};
		DE49A296CC62E5F44BC341EA /* [CP] Copy Pods Resources */ = {
			isa = PBXShellScriptBuildPhase;
			buildActionMask = 2147483647;
			files = (
			);
			inputPaths = (
			);
			name = "[CP] Copy Pods Resources";
			outputPaths = (
			);
			runOnlyForDeploymentPostprocessing = 0;
			shellPath = /bin/sh;
			shellScript = "\"${SRCROOT}/Pods/Target Support Files/Pods-Stellar_iOS/Pods-Stellar_iOS-resources.sh\"\n";
			showEnvVarsInLog = 0;
		};
		E02D0C6250A085DC91331F0A /* [CP] Copy Pods Resources */ = {
			isa = PBXShellScriptBuildPhase;
			buildActionMask = 2147483647;
			files = (
			);
			inputPaths = (
			);
			name = "[CP] Copy Pods Resources";
			outputPaths = (
			);
			runOnlyForDeploymentPostprocessing = 0;
			shellPath = /bin/sh;
			shellScript = "\"${SRCROOT}/Pods/Target Support Files/Pods-Stellar_iOSUITests/Pods-Stellar_iOSUITests-resources.sh\"\n";
			showEnvVarsInLog = 0;
		};
		F614D3A49FA40DD612690841 /* [CP] Check Pods Manifest.lock */ = {
			isa = PBXShellScriptBuildPhase;
			buildActionMask = 2147483647;
			files = (
			);
			inputPaths = (
			);
			name = "[CP] Check Pods Manifest.lock";
			outputPaths = (
			);
			runOnlyForDeploymentPostprocessing = 0;
			shellPath = /bin/sh;
			shellScript = "diff \"${PODS_PODFILE_DIR_PATH}/Podfile.lock\" \"${PODS_ROOT}/Manifest.lock\" > /dev/null\nif [ $? != 0 ] ; then\n    # print error to STDERR\n    echo \"error: The sandbox is not in sync with the Podfile.lock. Run 'pod install' or update your CocoaPods installation.\" >&2\n    exit 1\nfi\n";
			showEnvVarsInLog = 0;
		};
/* End PBXShellScriptBuildPhase section */

/* Begin PBXSourcesBuildPhase section */
		91C2AFBB200B21D800430DEA /* Sources */ = {
			isa = PBXSourcesBuildPhase;
			buildActionMask = 2147483647;
			files = (
				916C7049201D778C007301CD /* LoginViewController.swift in Sources */,
				91C2AFC5200B21D800430DEA /* ViewController.swift in Sources */,
				91AC877620426D8E00873BF1 /* SomeResponse.swift in Sources */,
				91C2AFC3200B21D800430DEA /* AppDelegate.swift in Sources */,
				91A2ED2D2014611800BBC119 /* LoginViewModel.swift in Sources */,
				91AC877420426D6A00873BF1 /* AuthManager.swift in Sources */,
			);
			runOnlyForDeploymentPostprocessing = 0;
		};
		91C2AFCF200B21D800430DEA /* Sources */ = {
			isa = PBXSourcesBuildPhase;
			buildActionMask = 2147483647;
			files = (
				91C2AFD8200B21D800430DEA /* Stellar_iOSTests.swift in Sources */,
			);
			runOnlyForDeploymentPostprocessing = 0;
		};
		91C2AFDA200B21D900430DEA /* Sources */ = {
			isa = PBXSourcesBuildPhase;
			buildActionMask = 2147483647;
			files = (
				91C2AFE3200B21D900430DEA /* Stellar_iOSUITests.swift in Sources */,
			);
			runOnlyForDeploymentPostprocessing = 0;
		};
/* End PBXSourcesBuildPhase section */

/* Begin PBXTargetDependency section */
		91C2AFD5200B21D800430DEA /* PBXTargetDependency */ = {
			isa = PBXTargetDependency;
			target = 91C2AFBE200B21D800430DEA /* Stellar_iOS */;
			targetProxy = 91C2AFD4200B21D800430DEA /* PBXContainerItemProxy */;
		};
		91C2AFE0200B21D900430DEA /* PBXTargetDependency */ = {
			isa = PBXTargetDependency;
			target = 91C2AFBE200B21D800430DEA /* Stellar_iOS */;
			targetProxy = 91C2AFDF200B21D900430DEA /* PBXContainerItemProxy */;
		};
/* End PBXTargetDependency section */

/* Begin PBXVariantGroup section */
		91C2AFC6200B21D800430DEA /* Main.storyboard */ = {
			isa = PBXVariantGroup;
			children = (
				91C2AFC7200B21D800430DEA /* Base */,
			);
			name = Main.storyboard;
			sourceTree = "<group>";
		};
		91C2AFCB200B21D800430DEA /* LaunchScreen.storyboard */ = {
			isa = PBXVariantGroup;
			children = (
				91C2AFCC200B21D800430DEA /* Base */,
			);
			name = LaunchScreen.storyboard;
			sourceTree = "<group>";
		};
/* End PBXVariantGroup section */

/* Begin XCBuildConfiguration section */
		91C2AFE5200B21D900430DEA /* Debug */ = {
			isa = XCBuildConfiguration;
			buildSettings = {
				ALWAYS_SEARCH_USER_PATHS = NO;
				CLANG_ANALYZER_NONNULL = YES;
				CLANG_ANALYZER_NUMBER_OBJECT_CONVERSION = YES_AGGRESSIVE;
				CLANG_CXX_LANGUAGE_STANDARD = "gnu++14";
				CLANG_CXX_LIBRARY = "libc++";
				CLANG_ENABLE_MODULES = YES;
				CLANG_ENABLE_OBJC_ARC = YES;
				CLANG_WARN_BLOCK_CAPTURE_AUTORELEASING = YES;
				CLANG_WARN_BOOL_CONVERSION = YES;
				CLANG_WARN_COMMA = YES;
				CLANG_WARN_CONSTANT_CONVERSION = YES;
				CLANG_WARN_DIRECT_OBJC_ISA_USAGE = YES_ERROR;
				CLANG_WARN_DOCUMENTATION_COMMENTS = YES;
				CLANG_WARN_EMPTY_BODY = YES;
				CLANG_WARN_ENUM_CONVERSION = YES;
				CLANG_WARN_INFINITE_RECURSION = YES;
				CLANG_WARN_INT_CONVERSION = YES;
				CLANG_WARN_NON_LITERAL_NULL_CONVERSION = YES;
				CLANG_WARN_OBJC_LITERAL_CONVERSION = YES;
				CLANG_WARN_OBJC_ROOT_CLASS = YES_ERROR;
				CLANG_WARN_RANGE_LOOP_ANALYSIS = YES;
				CLANG_WARN_STRICT_PROTOTYPES = YES;
				CLANG_WARN_SUSPICIOUS_MOVE = YES;
				CLANG_WARN_UNGUARDED_AVAILABILITY = YES_AGGRESSIVE;
				CLANG_WARN_UNREACHABLE_CODE = YES;
				CLANG_WARN__DUPLICATE_METHOD_MATCH = YES;
				CODE_SIGN_IDENTITY = "iPhone Developer";
				COPY_PHASE_STRIP = NO;
				DEBUG_INFORMATION_FORMAT = dwarf;
				ENABLE_STRICT_OBJC_MSGSEND = YES;
				ENABLE_TESTABILITY = YES;
				GCC_C_LANGUAGE_STANDARD = gnu11;
				GCC_DYNAMIC_NO_PIC = NO;
				GCC_NO_COMMON_BLOCKS = YES;
				GCC_OPTIMIZATION_LEVEL = 0;
				GCC_PREPROCESSOR_DEFINITIONS = (
					"DEBUG=1",
					"$(inherited)",
				);
				GCC_WARN_64_TO_32_BIT_CONVERSION = YES;
				GCC_WARN_ABOUT_RETURN_TYPE = YES_ERROR;
				GCC_WARN_UNDECLARED_SELECTOR = YES;
				GCC_WARN_UNINITIALIZED_AUTOS = YES_AGGRESSIVE;
				GCC_WARN_UNUSED_FUNCTION = YES;
				GCC_WARN_UNUSED_VARIABLE = YES;
				IPHONEOS_DEPLOYMENT_TARGET = 11.2;
				MTL_ENABLE_DEBUG_INFO = YES;
				ONLY_ACTIVE_ARCH = YES;
				SDKROOT = iphoneos;
				SWIFT_ACTIVE_COMPILATION_CONDITIONS = DEBUG;
				SWIFT_OPTIMIZATION_LEVEL = "-Onone";
			};
			name = Debug;
		};
		91C2AFE6200B21D900430DEA /* Release */ = {
			isa = XCBuildConfiguration;
			buildSettings = {
				ALWAYS_SEARCH_USER_PATHS = NO;
				CLANG_ANALYZER_NONNULL = YES;
				CLANG_ANALYZER_NUMBER_OBJECT_CONVERSION = YES_AGGRESSIVE;
				CLANG_CXX_LANGUAGE_STANDARD = "gnu++14";
				CLANG_CXX_LIBRARY = "libc++";
				CLANG_ENABLE_MODULES = YES;
				CLANG_ENABLE_OBJC_ARC = YES;
				CLANG_WARN_BLOCK_CAPTURE_AUTORELEASING = YES;
				CLANG_WARN_BOOL_CONVERSION = YES;
				CLANG_WARN_COMMA = YES;
				CLANG_WARN_CONSTANT_CONVERSION = YES;
				CLANG_WARN_DIRECT_OBJC_ISA_USAGE = YES_ERROR;
				CLANG_WARN_DOCUMENTATION_COMMENTS = YES;
				CLANG_WARN_EMPTY_BODY = YES;
				CLANG_WARN_ENUM_CONVERSION = YES;
				CLANG_WARN_INFINITE_RECURSION = YES;
				CLANG_WARN_INT_CONVERSION = YES;
				CLANG_WARN_NON_LITERAL_NULL_CONVERSION = YES;
				CLANG_WARN_OBJC_LITERAL_CONVERSION = YES;
				CLANG_WARN_OBJC_ROOT_CLASS = YES_ERROR;
				CLANG_WARN_RANGE_LOOP_ANALYSIS = YES;
				CLANG_WARN_STRICT_PROTOTYPES = YES;
				CLANG_WARN_SUSPICIOUS_MOVE = YES;
				CLANG_WARN_UNGUARDED_AVAILABILITY = YES_AGGRESSIVE;
				CLANG_WARN_UNREACHABLE_CODE = YES;
				CLANG_WARN__DUPLICATE_METHOD_MATCH = YES;
				CODE_SIGN_IDENTITY = "iPhone Developer";
				COPY_PHASE_STRIP = NO;
				DEBUG_INFORMATION_FORMAT = "dwarf-with-dsym";
				ENABLE_NS_ASSERTIONS = NO;
				ENABLE_STRICT_OBJC_MSGSEND = YES;
				GCC_C_LANGUAGE_STANDARD = gnu11;
				GCC_NO_COMMON_BLOCKS = YES;
				GCC_WARN_64_TO_32_BIT_CONVERSION = YES;
				GCC_WARN_ABOUT_RETURN_TYPE = YES_ERROR;
				GCC_WARN_UNDECLARED_SELECTOR = YES;
				GCC_WARN_UNINITIALIZED_AUTOS = YES_AGGRESSIVE;
				GCC_WARN_UNUSED_FUNCTION = YES;
				GCC_WARN_UNUSED_VARIABLE = YES;
				IPHONEOS_DEPLOYMENT_TARGET = 11.2;
				MTL_ENABLE_DEBUG_INFO = NO;
				SDKROOT = iphoneos;
				SWIFT_OPTIMIZATION_LEVEL = "-Owholemodule";
				VALIDATE_PRODUCT = YES;
			};
			name = Release;
		};
		91C2AFE8200B21D900430DEA /* Debug */ = {
			isa = XCBuildConfiguration;
			baseConfigurationReference = 585ACC2694123B4DFFE719C0 /* Pods-Stellar_iOS.debug.xcconfig */;
			buildSettings = {
				ASSETCATALOG_COMPILER_APPICON_NAME = AppIcon;
				CLANG_ENABLE_MODULES = YES;
				CODE_SIGN_STYLE = Automatic;
				DEVELOPMENT_TEAM = 9MBM4TGHFP;
				FRAMEWORK_SEARCH_PATHS = (
					"$(inherited)",
					"$(PROJECT_DIR)",
				);
				INFOPLIST_FILE = Stellar_iOS/Info.plist;
				"LD_MAP_FILE_PATH[arch=*]" = "$(TARGET_TEMP_DIR)/$(PRODUCT_NAME)-LinkMap-$(CURRENT_VARIANT)-$(CURRENT_ARCH).txt";
				LD_RUNPATH_SEARCH_PATHS = "$(inherited) @executable_path/Frameworks";
				OTHER_LDFLAGS = (
					"-all_load",
					"$(inherited)",
					"-framework",
					"\"Alamofire\"",
					"-framework",
					"\"Kingfisher\"",
					"-framework",
					"\"Moya\"",
					"-framework",
					"\"Result\"",
					"-framework",
					"\"RxCocoa\"",
					"-framework",
					"\"RxSwift\"",
					"-framework",
					"\"SwiftyJSON\"",
				);
				PRODUCT_BUNDLE_IDENTIFIER = "com.another.Stellar-iOS";
				PRODUCT_NAME = "$(TARGET_NAME)";
				SWIFT_OBJC_BRIDGING_HEADER = "Stellar_iOS/Helper/Stellar_iOS-Bridging-Header.h";
				SWIFT_OPTIMIZATION_LEVEL = "-Onone";
				SWIFT_VERSION = 4.0;
				TARGETED_DEVICE_FAMILY = "1,2";
			};
			name = Debug;
		};
		91C2AFE9200B21D900430DEA /* Release */ = {
			isa = XCBuildConfiguration;
			baseConfigurationReference = 8273D970DB4C73E6308E14B3 /* Pods-Stellar_iOS.release.xcconfig */;
			buildSettings = {
				ASSETCATALOG_COMPILER_APPICON_NAME = AppIcon;
				CLANG_ENABLE_MODULES = YES;
				CODE_SIGN_STYLE = Automatic;
				DEVELOPMENT_TEAM = 9MBM4TGHFP;
				FRAMEWORK_SEARCH_PATHS = (
					"$(inherited)",
					"$(PROJECT_DIR)",
				);
				INFOPLIST_FILE = Stellar_iOS/Info.plist;
				LD_RUNPATH_SEARCH_PATHS = "$(inherited) @executable_path/Frameworks";
				OTHER_LDFLAGS = (
					"-all_load",
					"$(inherited)",
					"-framework",
					"\"Alamofire\"",
					"-framework",
					"\"Kingfisher\"",
					"-framework",
					"\"Moya\"",
					"-framework",
					"\"Result\"",
					"-framework",
					"\"RxCocoa\"",
					"-framework",
					"\"RxSwift\"",
					"-framework",
					"\"SwiftyJSON\"",
				);
				PRODUCT_BUNDLE_IDENTIFIER = "com.another.Stellar-iOS";
				PRODUCT_NAME = "$(TARGET_NAME)";
				SWIFT_OBJC_BRIDGING_HEADER = "Stellar_iOS/Helper/Stellar_iOS-Bridging-Header.h";
				SWIFT_VERSION = 4.0;
				TARGETED_DEVICE_FAMILY = "1,2";
			};
			name = Release;
		};
		91C2AFEB200B21D900430DEA /* Debug */ = {
			isa = XCBuildConfiguration;
			baseConfigurationReference = 92C608F61DDEE97A19D593CE /* Pods-Stellar_iOSTests.debug.xcconfig */;
			buildSettings = {
				BUNDLE_LOADER = "$(TEST_HOST)";
				CODE_SIGN_STYLE = Automatic;
				DEVELOPMENT_TEAM = 9MBM4TGHFP;
				INFOPLIST_FILE = Stellar_iOSTests/Info.plist;
				LD_RUNPATH_SEARCH_PATHS = "$(inherited) @executable_path/Frameworks @loader_path/Frameworks";
				PRODUCT_BUNDLE_IDENTIFIER = "com.another.Stellar-iOSTests";
				PRODUCT_NAME = "$(TARGET_NAME)";
				SWIFT_VERSION = 4.0;
				TARGETED_DEVICE_FAMILY = "1,2";
				TEST_HOST = "$(BUILT_PRODUCTS_DIR)/Stellar_iOS.app/Stellar_iOS";
			};
			name = Debug;
		};
		91C2AFEC200B21D900430DEA /* Release */ = {
			isa = XCBuildConfiguration;
			baseConfigurationReference = 9549F31B150DD44B60928BE7 /* Pods-Stellar_iOSTests.release.xcconfig */;
			buildSettings = {
				BUNDLE_LOADER = "$(TEST_HOST)";
				CODE_SIGN_STYLE = Automatic;
				DEVELOPMENT_TEAM = 9MBM4TGHFP;
				INFOPLIST_FILE = Stellar_iOSTests/Info.plist;
				LD_RUNPATH_SEARCH_PATHS = "$(inherited) @executable_path/Frameworks @loader_path/Frameworks";
				PRODUCT_BUNDLE_IDENTIFIER = "com.another.Stellar-iOSTests";
				PRODUCT_NAME = "$(TARGET_NAME)";
				SWIFT_VERSION = 4.0;
				TARGETED_DEVICE_FAMILY = "1,2";
				TEST_HOST = "$(BUILT_PRODUCTS_DIR)/Stellar_iOS.app/Stellar_iOS";
			};
			name = Release;
		};
		91C2AFEE200B21D900430DEA /* Debug */ = {
			isa = XCBuildConfiguration;
			baseConfigurationReference = 5B57DACF9D1A788539E2C35D /* Pods-Stellar_iOSUITests.debug.xcconfig */;
			buildSettings = {
				ALWAYS_EMBED_SWIFT_STANDARD_LIBRARIES = YES;
				CODE_SIGN_STYLE = Automatic;
				DEVELOPMENT_TEAM = 9MBM4TGHFP;
				INFOPLIST_FILE = Stellar_iOSUITests/Info.plist;
				LD_RUNPATH_SEARCH_PATHS = "$(inherited) @executable_path/Frameworks @loader_path/Frameworks";
				PRODUCT_BUNDLE_IDENTIFIER = "com.another.Stellar-iOSUITests";
				PRODUCT_NAME = "$(TARGET_NAME)";
				SWIFT_VERSION = 4.0;
				TARGETED_DEVICE_FAMILY = "1,2";
				TEST_TARGET_NAME = Stellar_iOS;
			};
			name = Debug;
		};
		91C2AFEF200B21D900430DEA /* Release */ = {
			isa = XCBuildConfiguration;
			baseConfigurationReference = 5D210BE01C95F0819FB6F1F5 /* Pods-Stellar_iOSUITests.release.xcconfig */;
			buildSettings = {
				ALWAYS_EMBED_SWIFT_STANDARD_LIBRARIES = YES;
				CODE_SIGN_STYLE = Automatic;
				DEVELOPMENT_TEAM = 9MBM4TGHFP;
				INFOPLIST_FILE = Stellar_iOSUITests/Info.plist;
				LD_RUNPATH_SEARCH_PATHS = "$(inherited) @executable_path/Frameworks @loader_path/Frameworks";
				PRODUCT_BUNDLE_IDENTIFIER = "com.another.Stellar-iOSUITests";
				PRODUCT_NAME = "$(TARGET_NAME)";
				SWIFT_VERSION = 4.0;
				TARGETED_DEVICE_FAMILY = "1,2";
				TEST_TARGET_NAME = Stellar_iOS;
			};
			name = Release;
		};
/* End XCBuildConfiguration section */

/* Begin XCConfigurationList section */
		91C2AFBA200B21D800430DEA /* Build configuration list for PBXProject "Stellar_iOS" */ = {
			isa = XCConfigurationList;
			buildConfigurations = (
				91C2AFE5200B21D900430DEA /* Debug */,
				91C2AFE6200B21D900430DEA /* Release */,
			);
			defaultConfigurationIsVisible = 0;
			defaultConfigurationName = Release;
		};
		91C2AFE7200B21D900430DEA /* Build configuration list for PBXNativeTarget "Stellar_iOS" */ = {
			isa = XCConfigurationList;
			buildConfigurations = (
				91C2AFE8200B21D900430DEA /* Debug */,
				91C2AFE9200B21D900430DEA /* Release */,
			);
			defaultConfigurationIsVisible = 0;
			defaultConfigurationName = Release;
		};
		91C2AFEA200B21D900430DEA /* Build configuration list for PBXNativeTarget "Stellar_iOSTests" */ = {
			isa = XCConfigurationList;
			buildConfigurations = (
				91C2AFEB200B21D900430DEA /* Debug */,
				91C2AFEC200B21D900430DEA /* Release */,
			);
			defaultConfigurationIsVisible = 0;
			defaultConfigurationName = Release;
		};
		91C2AFED200B21D900430DEA /* Build configuration list for PBXNativeTarget "Stellar_iOSUITests" */ = {
			isa = XCConfigurationList;
			buildConfigurations = (
				91C2AFEE200B21D900430DEA /* Debug */,
				91C2AFEF200B21D900430DEA /* Release */,
			);
			defaultConfigurationIsVisible = 0;
			defaultConfigurationName = Release;
		};
/* End XCConfigurationList section */
	};
	rootObject = 91C2AFB7200B21D800430DEA /* Project object */;
}
